
Microsoft Visual Studio Solution File, Format Version 12.00
# Visual Studio Version 16
VisualStudioVersion = 16.0.29609.76
MinimumVisualStudioVersion = 10.0.40219.1
Project("{FAE04EC0-301F-11D3-BF4B-00C04F79EFBC}") = "DigitsSum", "DigitsSum.csproj", "{D1795FB1-E4EE-4525-8A4D-22FFE51FD416}"
EndProject
Global
	GlobalSection(SolutionConfigurationPlatforms) = preSolution
		Debug|Any CPU = Debug|Any CPU
		Release|Any CPU = Release|Any CPU
	EndGlobalSection
	GlobalSection(ProjectConfigurationPlatforms) = postSolution
		{D1795FB1-E4EE-4525-8A4D-22FFE51FD416}.Debug|Any CPU.ActiveCfg = Debug|Any CPU
		{D1795FB1-E4EE-4525-8A4D-22FFE51FD416}.Debug|Any CPU.Build.0 = Debug|Any CPU
		{D1795FB1-E4EE-4525-8A4D-22FFE51FD416}.Release|Any CPU.ActiveCfg = Release|Any CPU
		{D1795FB1-E4EE-4525-8A4D-22FFE51FD416}.Release|Any CPU.Build.0 = Release|Any CPU
	EndGlobalSection
	GlobalSection(SolutionProperties) = preSolution
		HideSolutionNode = FALSE
	EndGlobalSection
	GlobalSection(ExtensibilityGlobals) = postSolution
		SolutionGuid = {CC6AEC47-3B77-452E-8F60-2980D07D7D2C}
	EndGlobalSection
EndGlobal
